
Microsoft Visual Studio Solution File, Format Version 12.00
# Visual Studio Version 17
VisualStudioVersion = 17.1.32319.34
MinimumVisualStudioVersion = 10.0.40219.1
Project("{FAE04EC0-301F-11D3-BF4B-00C04F79EFBC}") = "Zadanie3", "Zadanie3\Zadanie3.csproj", "{DB14A3B5-4271-4293-A8B9-38C872B8AD93}"
EndProject
Project("{FAE04EC0-301F-11D3-BF4B-00C04F79EFBC}") = "Zadanie3UnitTests", "Zadanie3UnitTests\Zadanie3UnitTests.csproj", "{C95B2740-9B1A-43BB-8A91-0CBD7D0F9C7E}"
EndProject
Global
	GlobalSection(SolutionConfigurationPlatforms) = preSolution
		Debug|Any CPU = Debug|Any CPU
		Release|Any CPU = Release|Any CPU
	EndGlobalSection
	GlobalSection(ProjectConfigurationPlatforms) = postSolution
		{DB14A3B5-4271-4293-A8B9-38C872B8AD93}.Debug|Any CPU.ActiveCfg = Debug|Any CPU
		{DB14A3B5-4271-4293-A8B9-38C872B8AD93}.Debug|Any CPU.Build.0 = Debug|Any CPU
		{DB14A3B5-4271-4293-A8B9-38C872B8AD93}.Release|Any CPU.ActiveCfg = Release|Any CPU
		{DB14A3B5-4271-4293-A8B9-38C872B8AD93}.Release|Any CPU.Build.0 = Release|Any CPU
		{C95B2740-9B1A-43BB-8A91-0CBD7D0F9C7E}.Debug|Any CPU.ActiveCfg = Debug|Any CPU
		{C95B2740-9B1A-43BB-8A91-0CBD7D0F9C7E}.Debug|Any CPU.Build.0 = Debug|Any CPU
		{C95B2740-9B1A-43BB-8A91-0CBD7D0F9C7E}.Release|Any CPU.ActiveCfg = Release|Any CPU
		{C95B2740-9B1A-43BB-8A91-0CBD7D0F9C7E}.Release|Any CPU.Build.0 = Release|Any CPU
	EndGlobalSection
	GlobalSection(SolutionProperties) = preSolution
		HideSolutionNode = FALSE
	EndGlobalSection
	GlobalSection(ExtensibilityGlobals) = postSolution
		SolutionGuid = {3F3142A6-C676-4172-B292-D636C00031C2}
	EndGlobalSection
EndGlobal
